
Microsoft Visual Studio Solution File, Format Version 12.00
# Visual Studio 15
VisualStudioVersion = 15.0.28307.1062
MinimumVisualStudioVersion = 10.0.40219.1
Project("{8BC9CEB8-8B4A-11D0-8D11-00A0C91BC942}") = "Question01", "Question01\Question01.vcxproj", "{3830A0D2-9131-49D9-9023-633359FACD29}"
EndProject
Project("{8BC9CEB8-8B4A-11D0-8D11-00A0C91BC942}") = "Question02", "Question02\Question02.vcxproj", "{711C8250-17D9-4E84-BBBC-883D80472AA6}"
EndProject
Project("{8BC9CEB8-8B4A-11D0-8D11-00A0C91BC942}") = "Question03", "Question03\Question03.vcxproj", "{5CC293E7-2533-4F19-88C4-2EB54BDA801B}"
EndProject
Project("{8BC9CEB8-8B4A-11D0-8D11-00A0C91BC942}") = "Question04", "Question04\Question04.vcxproj", "{D46CB05D-7D3B-4DBE-ABE2-5F2BC5BF51EE}"
EndProject
Project("{8BC9CEB8-8B4A-11D0-8D11-00A0C91BC942}") = "Question05", "Question05\Question05.vcxproj", "{4728A02F-4CDA-4308-914D-32F15C8CE0A7}"
EndProject
Project("{8BC9CEB8-8B4A-11D0-8D11-00A0C91BC942}") = "Question05_A", "Question05_A\Question05_A.vcxproj", "{7A02E05B-5B17-4CD3-890A-D203EDD7AC4C}"
EndProject
Project("{8BC9CEB8-8B4A-11D0-8D11-00A0C91BC942}") = "Question05_R", "Question05_R\Question05_R.vcxproj", "{F12AF953-7D25-4B7A-9058-2A8E94D47FB5}"
EndProject
Project("{8BC9CEB8-8B4A-11D0-8D11-00A0C91BC942}") = "Question06", "Question06\Question06.vcxproj", "{C0510578-5091-4D35-A06D-2BAE8867679E}"
EndProject
Project("{8BC9CEB8-8B4A-11D0-8D11-00A0C91BC942}") = "Question06_A", "Question06_A\Question06_A.vcxproj", "{65C7E7EF-A7D0-4BB0-BB19-D47EF6D2164C}"
EndProject
Project("{8BC9CEB8-8B4A-11D0-8D11-00A0C91BC942}") = "Question07", "Question07\Question07.vcxproj", "{EAB62B1E-8F6B-46B9-9F25-DC9377B91CA2}"
EndProject
Project("{8BC9CEB8-8B4A-11D0-8D11-00A0C91BC942}") = "Question08", "Question08\Question08.vcxproj", "{048AE9AC-CFA8-431B-9BF7-21C37ABE96D5}"
EndProject
Project("{8BC9CEB8-8B4A-11D0-8D11-00A0C91BC942}") = "Question09", "Question09\Question09.vcxproj", "{E4F0ABFF-34B0-4410-AB37-3300CACB8503}"
EndProject
Project("{8BC9CEB8-8B4A-11D0-8D11-00A0C91BC942}") = "Question09_A", "Question09_A\Question09_A.vcxproj", "{16EA2BE0-D086-4AF8-ABA5-F4A7DACA07F1}"
EndProject
Project("{8BC9CEB8-8B4A-11D0-8D11-00A0C91BC942}") = "Question10", "Question10\Question10.vcxproj", "{6603DD7A-005A-4F7D-A097-8CCD9D8DFDFF}"
EndProject
Project("{8BC9CEB8-8B4A-11D0-8D11-00A0C91BC942}") = "Question10_A", "Question10_A\Question10_A.vcxproj", "{AAD03C05-E4E9-4C67-8918-6F2081D6B46F}"
EndProject
Project("{8BC9CEB8-8B4A-11D0-8D11-00A0C91BC942}") = "Question11", "Question11\Question11.vcxproj", "{1B2BC1AD-D568-4B51-A82C-E67C40A2D86B}"
EndProject
Project("{8BC9CEB8-8B4A-11D0-8D11-00A0C91BC942}") = "Question12", "Question12\Question12.vcxproj", "{3F75EDE0-C819-4EC7-938F-27F5610A0105}"
EndProject
Project("{8BC9CEB8-8B4A-11D0-8D11-00A0C91BC942}") = "Question12_R", "Question12_R\Question12_R.vcxproj", "{069C033C-FB41-4780-9FF3-EB861A2AC448}"
EndProject
Project("{8BC9CEB8-8B4A-11D0-8D11-00A0C91BC942}") = "Question13", "Question13\Question13.vcxproj", "{4959064E-4278-484A-9EDB-EDECB45B0DD6}"
EndProject
Project("{8BC9CEB8-8B4A-11D0-8D11-00A0C91BC942}") = "Question14", "Question14\Question14.vcxproj", "{6DCDFD7B-B76E-4ACD-AC95-660EE2D8B77B}"
EndProject
Project("{8BC9CEB8-8B4A-11D0-8D11-00A0C91BC942}") = "Question15", "Question15\Question15.vcxproj", "{B6EAD881-41C4-430F-BC26-84DBB04E268F}"
EndProject
Project("{8BC9CEB8-8B4A-11D0-8D11-00A0C91BC942}") = "Question16", "Question16\Question16.vcxproj", "{46AB82E0-D0A2-4B65-85C8-D2C7DA84CCAA}"
EndProject
Project("{8BC9CEB8-8B4A-11D0-8D11-00A0C91BC942}") = "Question15_A", "Question15_A\Question15_A.vcxproj", "{690630D0-5265-4F51-9F4A-8A41A60C22C6}"
EndProject
Project("{8BC9CEB8-8B4A-11D0-8D11-00A0C91BC942}") = "Question17", "Question17\Question17.vcxproj", "{A88712D0-A195-4337-B149-0C99212B88D5}"
EndProject
Project("{8BC9CEB8-8B4A-11D0-8D11-00A0C91BC942}") = "Question18", "Question18\Question18.vcxproj", "{7C766D01-5406-4DD4-9C22-81CCCA405731}"
EndProject
Project("{8BC9CEB8-8B4A-11D0-8D11-00A0C91BC942}") = "Question19", "Question19\Question19.vcxproj", "{19C26ED6-BA0D-467F-87E7-5B40481AA824}"
EndProject
Project("{8BC9CEB8-8B4A-11D0-8D11-00A0C91BC942}") = "Question20", "Question20\Question20.vcxproj", "{86A8B98B-847A-47D1-8808-6B3E139766DA}"
EndProject
Project("{8BC9CEB8-8B4A-11D0-8D11-00A0C91BC942}") = "Question21", "Question21\Question21.vcxproj", "{1E32DA2D-B120-4BE8-AA11-955497101C1D}"
EndProject
Project("{8BC9CEB8-8B4A-11D0-8D11-00A0C91BC942}") = "Question22", "Question22\Question22.vcxproj", "{137DF3C4-7E1C-4DE3-A079-D482FC19B240}"
EndProject
Project("{8BC9CEB8-8B4A-11D0-8D11-00A0C91BC942}") = "Question23", "Question23\Question23.vcxproj", "{55093CB4-7BBE-40A0-BE0A-433066DF1CD3}"
EndProject
Project("{8BC9CEB8-8B4A-11D0-8D11-00A0C91BC942}") = "Question24", "Question24\Question24.vcxproj", "{D3A3553F-4B05-4EDF-86F2-03DEE0D1E6E5}"
EndProject
Project("{8BC9CEB8-8B4A-11D0-8D11-00A0C91BC942}") = "Question25", "Question25\Question25.vcxproj", "{13A87917-1B8A-42C9-AD11-3FD530E2ED65}"
EndProject
Project("{8BC9CEB8-8B4A-11D0-8D11-00A0C91BC942}") = "Question26", "Question26\Question26.vcxproj", "{2346B5AC-0175-451B-BC0D-40B8378C7A56}"
EndProject
Project("{8BC9CEB8-8B4A-11D0-8D11-00A0C91BC942}") = "Question27", "Question27\Question27.vcxproj", "{BE1808D3-FCF0-475C-8886-BD51D28F14A2}"
EndProject
Project("{8BC9CEB8-8B4A-11D0-8D11-00A0C91BC942}") = "Question28", "Question28\Question28.vcxproj", "{525D6498-4543-4C0B-9DCB-84EA73830B41}"
EndProject
Project("{8BC9CEB8-8B4A-11D0-8D11-00A0C91BC942}") = "Question29", "Question29\Question29.vcxproj", "{46B50608-C455-40DE-A9BE-E40FD1F737D8}"
EndProject
Project("{8BC9CEB8-8B4A-11D0-8D11-00A0C91BC942}") = "Question30", "Question30\Question30.vcxproj", "{0839962F-070A-4311-A1AB-F974AFF52640}"
EndProject
Project("{8BC9CEB8-8B4A-11D0-8D11-00A0C91BC942}") = "Question31", "Question31\Question31.vcxproj", "{CFC1C238-87F7-4058-A669-37CCC621ED5A}"
EndProject
Project("{8BC9CEB8-8B4A-11D0-8D11-00A0C91BC942}") = "Question32", "Question32\Question32.vcxproj", "{65FE4FEA-A0B7-4925-A063-BB4E53BC018C}"
EndProject
Project("{8BC9CEB8-8B4A-11D0-8D11-00A0C91BC942}") = "Question33", "Question33\Question33.vcxproj", "{4C897914-6A96-4DBC-87F9-DFD02EDCEEA4}"
EndProject
Project("{8BC9CEB8-8B4A-11D0-8D11-00A0C91BC942}") = "Question34", "Question34\Question34.vcxproj", "{E71C76E0-9493-4045-B158-1358819A5A72}"
EndProject
Project("{8BC9CEB8-8B4A-11D0-8D11-00A0C91BC942}") = "Question35", "Question35\Question35.vcxproj", "{1BDA1CC3-DBD3-43F5-B07B-D47CF74F58B0}"
EndProject
Project("{8BC9CEB8-8B4A-11D0-8D11-00A0C91BC942}") = "Question36", "Question36\Question36.vcxproj", "{BF596554-996B-4BD5-BE96-4F660CE18E28}"
EndProject
Project("{8BC9CEB8-8B4A-11D0-8D11-00A0C91BC942}") = "Question37", "Question37\Question37.vcxproj", "{ADD86A80-7815-4273-A559-A87645F215B6}"
EndProject
Project("{8BC9CEB8-8B4A-11D0-8D11-00A0C91BC942}") = "Question38", "Question38\Question38.vcxproj", "{39F0961D-A696-4089-B51B-B97E0344AD86}"
EndProject
Project("{8BC9CEB8-8B4A-11D0-8D11-00A0C91BC942}") = "Question39", "Question39\Question39.vcxproj", "{BA8BD374-41EF-438A-A487-6C34024AF705}"
EndProject
Project("{8BC9CEB8-8B4A-11D0-8D11-00A0C91BC942}") = "Question40", "Question40\Question40.vcxproj", "{68C4590B-D8B6-4CCB-84FB-9356B1B7ADB7}"
EndProject
Global
	GlobalSection(SolutionConfigurationPlatforms) = preSolution
		Debug|x64 = Debug|x64
		Debug|x86 = Debug|x86
		Release|x64 = Release|x64
		Release|x86 = Release|x86
	EndGlobalSection
	GlobalSection(ProjectConfigurationPlatforms) = postSolution
		{3830A0D2-9131-49D9-9023-633359FACD29}.Debug|x64.ActiveCfg = Debug|x64
		{3830A0D2-9131-49D9-9023-633359FACD29}.Debug|x64.Build.0 = Debug|x64
		{3830A0D2-9131-49D9-9023-633359FACD29}.Debug|x86.ActiveCfg = Debug|Win32
		{3830A0D2-9131-49D9-9023-633359FACD29}.Debug|x86.Build.0 = Debug|Win32
		{3830A0D2-9131-49D9-9023-633359FACD29}.Release|x64.ActiveCfg = Release|x64
		{3830A0D2-9131-49D9-9023-633359FACD29}.Release|x64.Build.0 = Release|x64
		{3830A0D2-9131-49D9-9023-633359FACD29}.Release|x86.ActiveCfg = Release|Win32
		{3830A0D2-9131-49D9-9023-633359FACD29}.Release|x86.Build.0 = Release|Win32
		{711C8250-17D9-4E84-BBBC-883D80472AA6}.Debug|x64.ActiveCfg = Debug|x64
		{711C8250-17D9-4E84-BBBC-883D80472AA6}.Debug|x64.Build.0 = Debug|x64
		{711C8250-17D9-4E84-BBBC-883D80472AA6}.Debug|x86.ActiveCfg = Debug|Win32
		{711C8250-17D9-4E84-BBBC-883D80472AA6}.Debug|x86.Build.0 = Debug|Win32
		{711C8250-17D9-4E84-BBBC-883D80472AA6}.Release|x64.ActiveCfg = Release|x64
		{711C8250-17D9-4E84-BBBC-883D80472AA6}.Release|x64.Build.0 = Release|x64
		{711C8250-17D9-4E84-BBBC-883D80472AA6}.Release|x86.ActiveCfg = Release|Win32
		{711C8250-17D9-4E84-BBBC-883D80472AA6}.Release|x86.Build.0 = Release|Win32
		{5CC293E7-2533-4F19-88C4-2EB54BDA801B}.Debug|x64.ActiveCfg = Debug|x64
		{5CC293E7-2533-4F19-88C4-2EB54BDA801B}.Debug|x64.Build.0 = Debug|x64
		{5CC293E7-2533-4F19-88C4-2EB54BDA801B}.Debug|x86.ActiveCfg = Debug|Win32
		{5CC293E7-2533-4F19-88C4-2EB54BDA801B}.Debug|x86.Build.0 = Debug|Win32
		{5CC293E7-2533-4F19-88C4-2EB54BDA801B}.Release|x64.ActiveCfg = Release|x64
		{5CC293E7-2533-4F19-88C4-2EB54BDA801B}.Release|x64.Build.0 = Release|x64
		{5CC293E7-2533-4F19-88C4-2EB54BDA801B}.Release|x86.ActiveCfg = Release|Win32
		{5CC293E7-2533-4F19-88C4-2EB54BDA801B}.Release|x86.Build.0 = Release|Win32
		{D46CB05D-7D3B-4DBE-ABE2-5F2BC5BF51EE}.Debug|x64.ActiveCfg = Debug|x64
		{D46CB05D-7D3B-4DBE-ABE2-5F2BC5BF51EE}.Debug|x64.Build.0 = Debug|x64
		{D46CB05D-7D3B-4DBE-ABE2-5F2BC5BF51EE}.Debug|x86.ActiveCfg = Debug|Win32
		{D46CB05D-7D3B-4DBE-ABE2-5F2BC5BF51EE}.Debug|x86.Build.0 = Debug|Win32
		{D46CB05D-7D3B-4DBE-ABE2-5F2BC5BF51EE}.Release|x64.ActiveCfg = Release|x64
		{D46CB05D-7D3B-4DBE-ABE2-5F2BC5BF51EE}.Release|x64.Build.0 = Release|x64
		{D46CB05D-7D3B-4DBE-ABE2-5F2BC5BF51EE}.Release|x86.ActiveCfg = Release|Win32
		{D46CB05D-7D3B-4DBE-ABE2-5F2BC5BF51EE}.Release|x86.Build.0 = Release|Win32
		{4728A02F-4CDA-4308-914D-32F15C8CE0A7}.Debug|x64.ActiveCfg = Debug|x64
		{4728A02F-4CDA-4308-914D-32F15C8CE0A7}.Debug|x64.Build.0 = Debug|x64
		{4728A02F-4CDA-4308-914D-32F15C8CE0A7}.Debug|x86.ActiveCfg = Debug|Win32
		{4728A02F-4CDA-4308-914D-32F15C8CE0A7}.Debug|x86.Build.0 = Debug|Win32
		{4728A02F-4CDA-4308-914D-32F15C8CE0A7}.Release|x64.ActiveCfg = Release|x64
		{4728A02F-4CDA-4308-914D-32F15C8CE0A7}.Release|x64.Build.0 = Release|x64
		{4728A02F-4CDA-4308-914D-32F15C8CE0A7}.Release|x86.ActiveCfg = Release|Win32
		{4728A02F-4CDA-4308-914D-32F15C8CE0A7}.Release|x86.Build.0 = Release|Win32
		{7A02E05B-5B17-4CD3-890A-D203EDD7AC4C}.Debug|x64.ActiveCfg = Debug|x64
		{7A02E05B-5B17-4CD3-890A-D203EDD7AC4C}.Debug|x64.Build.0 = Debug|x64
		{7A02E05B-5B17-4CD3-890A-D203EDD7AC4C}.Debug|x86.ActiveCfg = Debug|Win32
		{7A02E05B-5B17-4CD3-890A-D203EDD7AC4C}.Debug|x86.Build.0 = Debug|Win32
		{7A02E05B-5B17-4CD3-890A-D203EDD7AC4C}.Release|x64.ActiveCfg = Release|x64
		{7A02E05B-5B17-4CD3-890A-D203EDD7AC4C}.Release|x64.Build.0 = Release|x64
		{7A02E05B-5B17-4CD3-890A-D203EDD7AC4C}.Release|x86.ActiveCfg = Release|Win32
		{7A02E05B-5B17-4CD3-890A-D203EDD7AC4C}.Release|x86.Build.0 = Release|Win32
		{F12AF953-7D25-4B7A-9058-2A8E94D47FB5}.Debug|x64.ActiveCfg = Debug|x64
		{F12AF953-7D25-4B7A-9058-2A8E94D47FB5}.Debug|x64.Build.0 = Debug|x64
		{F12AF953-7D25-4B7A-9058-2A8E94D47FB5}.Debug|x86.ActiveCfg = Debug|Win32
		{F12AF953-7D25-4B7A-9058-2A8E94D47FB5}.Debug|x86.Build.0 = Debug|Win32
		{F12AF953-7D25-4B7A-9058-2A8E94D47FB5}.Release|x64.ActiveCfg = Release|x64
		{F12AF953-7D25-4B7A-9058-2A8E94D47FB5}.Release|x64.Build.0 = Release|x64
		{F12AF953-7D25-4B7A-9058-2A8E94D47FB5}.Release|x86.ActiveCfg = Release|Win32
		{F12AF953-7D25-4B7A-9058-2A8E94D47FB5}.Release|x86.Build.0 = Release|Win32
		{C0510578-5091-4D35-A06D-2BAE8867679E}.Debug|x64.ActiveCfg = Debug|x64
		{C0510578-5091-4D35-A06D-2BAE8867679E}.Debug|x64.Build.0 = Debug|x64
		{C0510578-5091-4D35-A06D-2BAE8867679E}.Debug|x86.ActiveCfg = Debug|Win32
		{C0510578-5091-4D35-A06D-2BAE8867679E}.Debug|x86.Build.0 = Debug|Win32
		{C0510578-5091-4D35-A06D-2BAE8867679E}.Release|x64.ActiveCfg = Release|x64
		{C0510578-5091-4D35-A06D-2BAE8867679E}.Release|x64.Build.0 = Release|x64
		{C0510578-5091-4D35-A06D-2BAE8867679E}.Release|x86.ActiveCfg = Release|Win32
		{C0510578-5091-4D35-A06D-2BAE8867679E}.Release|x86.Build.0 = Release|Win32
		{65C7E7EF-A7D0-4BB0-BB19-D47EF6D2164C}.Debug|x64.ActiveCfg = Debug|x64
		{65C7E7EF-A7D0-4BB0-BB19-D47EF6D2164C}.Debug|x64.Build.0 = Debug|x64
		{65C7E7EF-A7D0-4BB0-BB19-D47EF6D2164C}.Debug|x86.ActiveCfg = Debug|Win32
		{65C7E7EF-A7D0-4BB0-BB19-D47EF6D2164C}.Debug|x86.Build.0 = Debug|Win32
		{65C7E7EF-A7D0-4BB0-BB19-D47EF6D2164C}.Release|x64.ActiveCfg = Release|x64
		{65C7E7EF-A7D0-4BB0-BB19-D47EF6D2164C}.Release|x64.Build.0 = Release|x64
		{65C7E7EF-A7D0-4BB0-BB19-D47EF6D2164C}.Release|x86.ActiveCfg = Release|Win32
		{65C7E7EF-A7D0-4BB0-BB19-D47EF6D2164C}.Release|x86.Build.0 = Release|Win32
		{EAB62B1E-8F6B-46B9-9F25-DC9377B91CA2}.Debug|x64.ActiveCfg = Debug|x64
		{EAB62B1E-8F6B-46B9-9F25-DC9377B91CA2}.Debug|x64.Build.0 = Debug|x64
		{EAB62B1E-8F6B-46B9-9F25-DC9377B91CA2}.Debug|x86.ActiveCfg = Debug|Win32
		{EAB62B1E-8F6B-46B9-9F25-DC9377B91CA2}.Debug|x86.Build.0 = Debug|Win32
		{EAB62B1E-8F6B-46B9-9F25-DC9377B91CA2}.Release|x64.ActiveCfg = Release|x64
		{EAB62B1E-8F6B-46B9-9F25-DC9377B91CA2}.Release|x64.Build.0 = Release|x64
		{EAB62B1E-8F6B-46B9-9F25-DC9377B91CA2}.Release|x86.ActiveCfg = Release|Win32
		{EAB62B1E-8F6B-46B9-9F25-DC9377B91CA2}.Release|x86.Build.0 = Release|Win32
		{048AE9AC-CFA8-431B-9BF7-21C37ABE96D5}.Debug|x64.ActiveCfg = Debug|x64
		{048AE9AC-CFA8-431B-9BF7-21C37ABE96D5}.Debug|x64.Build.0 = Debug|x64
		{048AE9AC-CFA8-431B-9BF7-21C37ABE96D5}.Debug|x86.ActiveCfg = Debug|Win32
		{048AE9AC-CFA8-431B-9BF7-21C37ABE96D5}.Debug|x86.Build.0 = Debug|Win32
		{048AE9AC-CFA8-431B-9BF7-21C37ABE96D5}.Release|x64.ActiveCfg = Release|x64
		{048AE9AC-CFA8-431B-9BF7-21C37ABE96D5}.Release|x64.Build.0 = Release|x64
		{048AE9AC-CFA8-431B-9BF7-21C37ABE96D5}.Release|x86.ActiveCfg = Release|Win32
		{048AE9AC-CFA8-431B-9BF7-21C37ABE96D5}.Release|x86.Build.0 = Release|Win32
		{E4F0ABFF-34B0-4410-AB37-3300CACB8503}.Debug|x64.ActiveCfg = Debug|x64
		{E4F0ABFF-34B0-4410-AB37-3300CACB8503}.Debug|x64.Build.0 = Debug|x64
		{E4F0ABFF-34B0-4410-AB37-3300CACB8503}.Debug|x86.ActiveCfg = Debug|Win32
		{E4F0ABFF-34B0-4410-AB37-3300CACB8503}.Debug|x86.Build.0 = Debug|Win32
		{E4F0ABFF-34B0-4410-AB37-3300CACB8503}.Release|x64.ActiveCfg = Release|x64
		{E4F0ABFF-34B0-4410-AB37-3300CACB8503}.Release|x64.Build.0 = Release|x64
		{E4F0ABFF-34B0-4410-AB37-3300CACB8503}.Release|x86.ActiveCfg = Release|Win32
		{E4F0ABFF-34B0-4410-AB37-3300CACB8503}.Release|x86.Build.0 = Release|Win32
		{16EA2BE0-D086-4AF8-ABA5-F4A7DACA07F1}.Debug|x64.ActiveCfg = Debug|x64
		{16EA2BE0-D086-4AF8-ABA5-F4A7DACA07F1}.Debug|x64.Build.0 = Debug|x64
		{16EA2BE0-D086-4AF8-ABA5-F4A7DACA07F1}.Debug|x86.ActiveCfg = Debug|Win32
		{16EA2BE0-D086-4AF8-ABA5-F4A7DACA07F1}.Debug|x86.Build.0 = Debug|Win32
		{16EA2BE0-D086-4AF8-ABA5-F4A7DACA07F1}.Release|x64.ActiveCfg = Release|x64
		{16EA2BE0-D086-4AF8-ABA5-F4A7DACA07F1}.Release|x64.Build.0 = Release|x64
		{16EA2BE0-D086-4AF8-ABA5-F4A7DACA07F1}.Release|x86.ActiveCfg = Release|Win32
		{16EA2BE0-D086-4AF8-ABA5-F4A7DACA07F1}.Release|x86.Build.0 = Release|Win32
		{6603DD7A-005A-4F7D-A097-8CCD9D8DFDFF}.Debug|x64.ActiveCfg = Debug|x64
		{6603DD7A-005A-4F7D-A097-8CCD9D8DFDFF}.Debug|x64.Build.0 = Debug|x64
		{6603DD7A-005A-4F7D-A097-8CCD9D8DFDFF}.Debug|x86.ActiveCfg = Debug|Win32
		{6603DD7A-005A-4F7D-A097-8CCD9D8DFDFF}.Debug|x86.Build.0 = Debug|Win32
		{6603DD7A-005A-4F7D-A097-8CCD9D8DFDFF}.Release|x64.ActiveCfg = Release|x64
		{6603DD7A-005A-4F7D-A097-8CCD9D8DFDFF}.Release|x64.Build.0 = Release|x64
		{6603DD7A-005A-4F7D-A097-8CCD9D8DFDFF}.Release|x86.ActiveCfg = Release|Win32
		{6603DD7A-005A-4F7D-A097-8CCD9D8DFDFF}.Release|x86.Build.0 = Release|Win32
		{AAD03C05-E4E9-4C67-8918-6F2081D6B46F}.Debug|x64.ActiveCfg = Debug|x64
		{AAD03C05-E4E9-4C67-8918-6F2081D6B46F}.Debug|x64.Build.0 = Debug|x64
		{AAD03C05-E4E9-4C67-8918-6F2081D6B46F}.Debug|x86.ActiveCfg = Debug|Win32
		{AAD03C05-E4E9-4C67-8918-6F2081D6B46F}.Debug|x86.Build.0 = Debug|Win32
		{AAD03C05-E4E9-4C67-8918-6F2081D6B46F}.Release|x64.ActiveCfg = Release|x64
		{AAD03C05-E4E9-4C67-8918-6F2081D6B46F}.Release|x64.Build.0 = Release|x64
		{AAD03C05-E4E9-4C67-8918-6F2081D6B46F}.Release|x86.ActiveCfg = Release|Win32
		{AAD03C05-E4E9-4C67-8918-6F2081D6B46F}.Release|x86.Build.0 = Release|Win32
		{1B2BC1AD-D568-4B51-A82C-E67C40A2D86B}.Debug|x64.ActiveCfg = Debug|x64
		{1B2BC1AD-D568-4B51-A82C-E67C40A2D86B}.Debug|x64.Build.0 = Debug|x64
		{1B2BC1AD-D568-4B51-A82C-E67C40A2D86B}.Debug|x86.ActiveCfg = Debug|Win32
		{1B2BC1AD-D568-4B51-A82C-E67C40A2D86B}.Debug|x86.Build.0 = Debug|Win32
		{1B2BC1AD-D568-4B51-A82C-E67C40A2D86B}.Release|x64.ActiveCfg = Release|x64
		{1B2BC1AD-D568-4B51-A82C-E67C40A2D86B}.Release|x64.Build.0 = Release|x64
		{1B2BC1AD-D568-4B51-A82C-E67C40A2D86B}.Release|x86.ActiveCfg = Release|Win32
		{1B2BC1AD-D568-4B51-A82C-E67C40A2D86B}.Release|x86.Build.0 = Release|Win32
		{3F75EDE0-C819-4EC7-938F-27F5610A0105}.Debug|x64.ActiveCfg = Debug|x64
		{3F75EDE0-C819-4EC7-938F-27F5610A0105}.Debug|x64.Build.0 = Debug|x64
		{3F75EDE0-C819-4EC7-938F-27F5610A0105}.Debug|x86.ActiveCfg = Debug|Win32
		{3F75EDE0-C819-4EC7-938F-27F5610A0105}.Debug|x86.Build.0 = Debug|Win32
		{3F75EDE0-C819-4EC7-938F-27F5610A0105}.Release|x64.ActiveCfg = Release|x64
		{3F75EDE0-C819-4EC7-938F-27F5610A0105}.Release|x64.Build.0 = Release|x64
		{3F75EDE0-C819-4EC7-938F-27F5610A0105}.Release|x86.ActiveCfg = Release|Win32
		{3F75EDE0-C819-4EC7-938F-27F5610A0105}.Release|x86.Build.0 = Release|Win32
		{069C033C-FB41-4780-9FF3-EB861A2AC448}.Debug|x64.ActiveCfg = Debug|x64
		{069C033C-FB41-4780-9FF3-EB861A2AC448}.Debug|x64.Build.0 = Debug|x64
		{069C033C-FB41-4780-9FF3-EB861A2AC448}.Debug|x86.ActiveCfg = Debug|Win32
		{069C033C-FB41-4780-9FF3-EB861A2AC448}.Debug|x86.Build.0 = Debug|Win32
		{069C033C-FB41-4780-9FF3-EB861A2AC448}.Release|x64.ActiveCfg = Release|x64
		{069C033C-FB41-4780-9FF3-EB861A2AC448}.Release|x64.Build.0 = Release|x64
		{069C033C-FB41-4780-9FF3-EB861A2AC448}.Release|x86.ActiveCfg = Release|Win32
		{069C033C-FB41-4780-9FF3-EB861A2AC448}.Release|x86.Build.0 = Release|Win32
		{4959064E-4278-484A-9EDB-EDECB45B0DD6}.Debug|x64.ActiveCfg = Debug|x64
		{4959064E-4278-484A-9EDB-EDECB45B0DD6}.Debug|x64.Build.0 = Debug|x64
		{4959064E-4278-484A-9EDB-EDECB45B0DD6}.Debug|x86.ActiveCfg = Debug|Win32
		{4959064E-4278-484A-9EDB-EDECB45B0DD6}.Debug|x86.Build.0 = Debug|Win32
		{4959064E-4278-484A-9EDB-EDECB45B0DD6}.Release|x64.ActiveCfg = Release|x64
		{4959064E-4278-484A-9EDB-EDECB45B0DD6}.Release|x64.Build.0 = Release|x64
		{4959064E-4278-484A-9EDB-EDECB45B0DD6}.Release|x86.ActiveCfg = Release|Win32
		{4959064E-4278-484A-9EDB-EDECB45B0DD6}.Release|x86.Build.0 = Release|Win32
		{6DCDFD7B-B76E-4ACD-AC95-660EE2D8B77B}.Debug|x64.ActiveCfg = Debug|x64
		{6DCDFD7B-B76E-4ACD-AC95-660EE2D8B77B}.Debug|x64.Build.0 = Debug|x64
		{6DCDFD7B-B76E-4ACD-AC95-660EE2D8B77B}.Debug|x86.ActiveCfg = Debug|Win32
		{6DCDFD7B-B76E-4ACD-AC95-660EE2D8B77B}.Debug|x86.Build.0 = Debug|Win32
		{6DCDFD7B-B76E-4ACD-AC95-660EE2D8B77B}.Release|x64.ActiveCfg = Release|x64
		{6DCDFD7B-B76E-4ACD-AC95-660EE2D8B77B}.Release|x64.Build.0 = Release|x64
		{6DCDFD7B-B76E-4ACD-AC95-660EE2D8B77B}.Release|x86.ActiveCfg = Release|Win32
		{6DCDFD7B-B76E-4ACD-AC95-660EE2D8B77B}.Release|x86.Build.0 = Release|Win32
		{B6EAD881-41C4-430F-BC26-84DBB04E268F}.Debug|x64.ActiveCfg = Debug|x64
		{B6EAD881-41C4-430F-BC26-84DBB04E268F}.Debug|x64.Build.0 = Debug|x64
		{B6EAD881-41C4-430F-BC26-84DBB04E268F}.Debug|x86.ActiveCfg = Debug|Win32
		{B6EAD881-41C4-430F-BC26-84DBB04E268F}.Debug|x86.Build.0 = Debug|Win32
		{B6EAD881-41C4-430F-BC26-84DBB04E268F}.Release|x64.ActiveCfg = Release|x64
		{B6EAD881-41C4-430F-BC26-84DBB04E268F}.Release|x64.Build.0 = Release|x64
		{B6EAD881-41C4-430F-BC26-84DBB04E268F}.Release|x86.ActiveCfg = Release|Win32
		{B6EAD881-41C4-430F-BC26-84DBB04E268F}.Release|x86.Build.0 = Release|Win32
		{46AB82E0-D0A2-4B65-85C8-D2C7DA84CCAA}.Debug|x64.ActiveCfg = Debug|x64
		{46AB82E0-D0A2-4B65-85C8-D2C7DA84CCAA}.Debug|x64.Build.0 = Debug|x64
		{46AB82E0-D0A2-4B65-85C8-D2C7DA84CCAA}.Debug|x86.ActiveCfg = Debug|Win32
		{46AB82E0-D0A2-4B65-85C8-D2C7DA84CCAA}.Debug|x86.Build.0 = Debug|Win32
		{46AB82E0-D0A2-4B65-85C8-D2C7DA84CCAA}.Release|x64.ActiveCfg = Release|x64
		{46AB82E0-D0A2-4B65-85C8-D2C7DA84CCAA}.Release|x64.Build.0 = Release|x64
		{46AB82E0-D0A2-4B65-85C8-D2C7DA84CCAA}.Release|x86.ActiveCfg = Release|Win32
		{46AB82E0-D0A2-4B65-85C8-D2C7DA84CCAA}.Release|x86.Build.0 = Release|Win32
		{690630D0-5265-4F51-9F4A-8A41A60C22C6}.Debug|x64.ActiveCfg = Debug|x64
		{690630D0-5265-4F51-9F4A-8A41A60C22C6}.Debug|x64.Build.0 = Debug|x64
		{690630D0-5265-4F51-9F4A-8A41A60C22C6}.Debug|x86.ActiveCfg = Debug|Win32
		{690630D0-5265-4F51-9F4A-8A41A60C22C6}.Debug|x86.Build.0 = Debug|Win32
		{690630D0-5265-4F51-9F4A-8A41A60C22C6}.Release|x64.ActiveCfg = Release|x64
		{690630D0-5265-4F51-9F4A-8A41A60C22C6}.Release|x64.Build.0 = Release|x64
		{690630D0-5265-4F51-9F4A-8A41A60C22C6}.Release|x86.ActiveCfg = Release|Win32
		{690630D0-5265-4F51-9F4A-8A41A60C22C6}.Release|x86.Build.0 = Release|Win32
		{A88712D0-A195-4337-B149-0C99212B88D5}.Debug|x64.ActiveCfg = Debug|x64
		{A88712D0-A195-4337-B149-0C99212B88D5}.Debug|x64.Build.0 = Debug|x64
		{A88712D0-A195-4337-B149-0C99212B88D5}.Debug|x86.ActiveCfg = Debug|Win32
		{A88712D0-A195-4337-B149-0C99212B88D5}.Debug|x86.Build.0 = Debug|Win32
		{A88712D0-A195-4337-B149-0C99212B88D5}.Release|x64.ActiveCfg = Release|x64
		{A88712D0-A195-4337-B149-0C99212B88D5}.Release|x64.Build.0 = Release|x64
		{A88712D0-A195-4337-B149-0C99212B88D5}.Release|x86.ActiveCfg = Release|Win32
		{A88712D0-A195-4337-B149-0C99212B88D5}.Release|x86.Build.0 = Release|Win32
		{7C766D01-5406-4DD4-9C22-81CCCA405731}.Debug|x64.ActiveCfg = Debug|x64
		{7C766D01-5406-4DD4-9C22-81CCCA405731}.Debug|x64.Build.0 = Debug|x64
		{7C766D01-5406-4DD4-9C22-81CCCA405731}.Debug|x86.ActiveCfg = Debug|Win32
		{7C766D01-5406-4DD4-9C22-81CCCA405731}.Debug|x86.Build.0 = Debug|Win32
		{7C766D01-5406-4DD4-9C22-81CCCA405731}.Release|x64.ActiveCfg = Release|x64
		{7C766D01-5406-4DD4-9C22-81CCCA405731}.Release|x64.Build.0 = Release|x64
		{7C766D01-5406-4DD4-9C22-81CCCA405731}.Release|x86.ActiveCfg = Release|Win32
		{7C766D01-5406-4DD4-9C22-81CCCA405731}.Release|x86.Build.0 = Release|Win32
		{19C26ED6-BA0D-467F-87E7-5B40481AA824}.Debug|x64.ActiveCfg = Debug|x64
		{19C26ED6-BA0D-467F-87E7-5B40481AA824}.Debug|x64.Build.0 = Debug|x64
		{19C26ED6-BA0D-467F-87E7-5B40481AA824}.Debug|x86.ActiveCfg = Debug|Win32
		{19C26ED6-BA0D-467F-87E7-5B40481AA824}.Debug|x86.Build.0 = Debug|Win32
		{19C26ED6-BA0D-467F-87E7-5B40481AA824}.Release|x64.ActiveCfg = Release|x64
		{19C26ED6-BA0D-467F-87E7-5B40481AA824}.Release|x64.Build.0 = Release|x64
		{19C26ED6-BA0D-467F-87E7-5B40481AA824}.Release|x86.ActiveCfg = Release|Win32
		{19C26ED6-BA0D-467F-87E7-5B40481AA824}.Release|x86.Build.0 = Release|Win32
		{86A8B98B-847A-47D1-8808-6B3E139766DA}.Debug|x64.ActiveCfg = Debug|x64
		{86A8B98B-847A-47D1-8808-6B3E139766DA}.Debug|x64.Build.0 = Debug|x64
		{86A8B98B-847A-47D1-8808-6B3E139766DA}.Debug|x86.ActiveCfg = Debug|Win32
		{86A8B98B-847A-47D1-8808-6B3E139766DA}.Debug|x86.Build.0 = Debug|Win32
		{86A8B98B-847A-47D1-8808-6B3E139766DA}.Release|x64.ActiveCfg = Release|x64
		{86A8B98B-847A-47D1-8808-6B3E139766DA}.Release|x64.Build.0 = Release|x64
		{86A8B98B-847A-47D1-8808-6B3E139766DA}.Release|x86.ActiveCfg = Release|Win32
		{86A8B98B-847A-47D1-8808-6B3E139766DA}.Release|x86.Build.0 = Release|Win32
		{1E32DA2D-B120-4BE8-AA11-955497101C1D}.Debug|x64.ActiveCfg = Debug|x64
		{1E32DA2D-B120-4BE8-AA11-955497101C1D}.Debug|x64.Build.0 = Debug|x64
		{1E32DA2D-B120-4BE8-AA11-955497101C1D}.Debug|x86.ActiveCfg = Debug|Win32
		{1E32DA2D-B120-4BE8-AA11-955497101C1D}.Debug|x86.Build.0 = Debug|Win32
		{1E32DA2D-B120-4BE8-AA11-955497101C1D}.Release|x64.ActiveCfg = Release|x64
		{1E32DA2D-B120-4BE8-AA11-955497101C1D}.Release|x64.Build.0 = Release|x64
		{1E32DA2D-B120-4BE8-AA11-955497101C1D}.Release|x86.ActiveCfg = Release|Win32
		{1E32DA2D-B120-4BE8-AA11-955497101C1D}.Release|x86.Build.0 = Release|Win32
		{137DF3C4-7E1C-4DE3-A079-D482FC19B240}.Debug|x64.ActiveCfg = Debug|x64
		{137DF3C4-7E1C-4DE3-A079-D482FC19B240}.Debug|x64.Build.0 = Debug|x64
		{137DF3C4-7E1C-4DE3-A079-D482FC19B240}.Debug|x86.ActiveCfg = Debug|Win32
		{137DF3C4-7E1C-4DE3-A079-D482FC19B240}.Debug|x86.Build.0 = Debug|Win32
		{137DF3C4-7E1C-4DE3-A079-D482FC19B240}.Release|x64.ActiveCfg = Release|x64
		{137DF3C4-7E1C-4DE3-A079-D482FC19B240}.Release|x64.Build.0 = Release|x64
		{137DF3C4-7E1C-4DE3-A079-D482FC19B240}.Release|x86.ActiveCfg = Release|Win32
		{137DF3C4-7E1C-4DE3-A079-D482FC19B240}.Release|x86.Build.0 = Release|Win32
		{55093CB4-7BBE-40A0-BE0A-433066DF1CD3}.Debug|x64.ActiveCfg = Debug|x64
		{55093CB4-7BBE-40A0-BE0A-433066DF1CD3}.Debug|x64.Build.0 = Debug|x64
		{55093CB4-7BBE-40A0-BE0A-433066DF1CD3}.Debug|x86.ActiveCfg = Debug|Win32
		{55093CB4-7BBE-40A0-BE0A-433066DF1CD3}.Debug|x86.Build.0 = Debug|Win32
		{55093CB4-7BBE-40A0-BE0A-433066DF1CD3}.Release|x64.ActiveCfg = Release|x64
		{55093CB4-7BBE-40A0-BE0A-433066DF1CD3}.Release|x64.Build.0 = Release|x64
		{55093CB4-7BBE-40A0-BE0A-433066DF1CD3}.Release|x86.ActiveCfg = Release|Win32
		{55093CB4-7BBE-40A0-BE0A-433066DF1CD3}.Release|x86.Build.0 = Release|Win32
		{D3A3553F-4B05-4EDF-86F2-03DEE0D1E6E5}.Debug|x64.ActiveCfg = Debug|x64
		{D3A3553F-4B05-4EDF-86F2-03DEE0D1E6E5}.Debug|x64.Build.0 = Debug|x64
		{D3A3553F-4B05-4EDF-86F2-03DEE0D1E6E5}.Debug|x86.ActiveCfg = Debug|Win32
		{D3A3553F-4B05-4EDF-86F2-03DEE0D1E6E5}.Debug|x86.Build.0 = Debug|Win32
		{D3A3553F-4B05-4EDF-86F2-03DEE0D1E6E5}.Release|x64.ActiveCfg = Release|x64
		{D3A3553F-4B05-4EDF-86F2-03DEE0D1E6E5}.Release|x64.Build.0 = Release|x64
		{D3A3553F-4B05-4EDF-86F2-03DEE0D1E6E5}.Release|x86.ActiveCfg = Release|Win32
		{D3A3553F-4B05-4EDF-86F2-03DEE0D1E6E5}.Release|x86.Build.0 = Release|Win32
		{13A87917-1B8A-42C9-AD11-3FD530E2ED65}.Debug|x64.ActiveCfg = Debug|x64
		{13A87917-1B8A-42C9-AD11-3FD530E2ED65}.Debug|x64.Build.0 = Debug|x64
		{13A87917-1B8A-42C9-AD11-3FD530E2ED65}.Debug|x86.ActiveCfg = Debug|Win32
		{13A87917-1B8A-42C9-AD11-3FD530E2ED65}.Debug|x86.Build.0 = Debug|Win32
		{13A87917-1B8A-42C9-AD11-3FD530E2ED65}.Release|x64.ActiveCfg = Release|x64
		{13A87917-1B8A-42C9-AD11-3FD530E2ED65}.Release|x64.Build.0 = Release|x64
		{13A87917-1B8A-42C9-AD11-3FD530E2ED65}.Release|x86.ActiveCfg = Release|Win32
		{13A87917-1B8A-42C9-AD11-3FD530E2ED65}.Release|x86.Build.0 = Release|Win32
		{2346B5AC-0175-451B-BC0D-40B8378C7A56}.Debug|x64.ActiveCfg = Debug|x64
		{2346B5AC-0175-451B-BC0D-40B8378C7A56}.Debug|x64.Build.0 = Debug|x64
		{2346B5AC-0175-451B-BC0D-40B8378C7A56}.Debug|x86.ActiveCfg = Debug|Win32
		{2346B5AC-0175-451B-BC0D-40B8378C7A56}.Debug|x86.Build.0 = Debug|Win32
		{2346B5AC-0175-451B-BC0D-40B8378C7A56}.Release|x64.ActiveCfg = Release|x64
		{2346B5AC-0175-451B-BC0D-40B8378C7A56}.Release|x64.Build.0 = Release|x64
		{2346B5AC-0175-451B-BC0D-40B8378C7A56}.Release|x86.ActiveCfg = Release|Win32
		{2346B5AC-0175-451B-BC0D-40B8378C7A56}.Release|x86.Build.0 = Release|Win32
		{BE1808D3-FCF0-475C-8886-BD51D28F14A2}.Debug|x64.ActiveCfg = Debug|x64
		{BE1808D3-FCF0-475C-8886-BD51D28F14A2}.Debug|x64.Build.0 = Debug|x64
		{BE1808D3-FCF0-475C-8886-BD51D28F14A2}.Debug|x86.ActiveCfg = Debug|Win32
		{BE1808D3-FCF0-475C-8886-BD51D28F14A2}.Debug|x86.Build.0 = Debug|Win32
		{BE1808D3-FCF0-475C-8886-BD51D28F14A2}.Release|x64.ActiveCfg = Release|x64
		{BE1808D3-FCF0-475C-8886-BD51D28F14A2}.Release|x64.Build.0 = Release|x64
		{BE1808D3-FCF0-475C-8886-BD51D28F14A2}.Release|x86.ActiveCfg = Release|Win32
		{BE1808D3-FCF0-475C-8886-BD51D28F14A2}.Release|x86.Build.0 = Release|Win32
		{525D6498-4543-4C0B-9DCB-84EA73830B41}.Debug|x64.ActiveCfg = Debug|x64
		{525D6498-4543-4C0B-9DCB-84EA73830B41}.Debug|x64.Build.0 = Debug|x64
		{525D6498-4543-4C0B-9DCB-84EA73830B41}.Debug|x86.ActiveCfg = Debug|Win32
		{525D6498-4543-4C0B-9DCB-84EA73830B41}.Debug|x86.Build.0 = Debug|Win32
		{525D6498-4543-4C0B-9DCB-84EA73830B41}.Release|x64.ActiveCfg = Release|x64
		{525D6498-4543-4C0B-9DCB-84EA73830B41}.Release|x64.Build.0 = Release|x64
		{525D6498-4543-4C0B-9DCB-84EA73830B41}.Release|x86.ActiveCfg = Release|Win32
		{525D6498-4543-4C0B-9DCB-84EA73830B41}.Release|x86.Build.0 = Release|Win32
		{46B50608-C455-40DE-A9BE-E40FD1F737D8}.Debug|x64.ActiveCfg = Debug|x64
		{46B50608-C455-40DE-A9BE-E40FD1F737D8}.Debug|x64.Build.0 = Debug|x64
		{46B50608-C455-40DE-A9BE-E40FD1F737D8}.Debug|x86.ActiveCfg = Debug|Win32
		{46B50608-C455-40DE-A9BE-E40FD1F737D8}.Debug|x86.Build.0 = Debug|Win32
		{46B50608-C455-40DE-A9BE-E40FD1F737D8}.Release|x64.ActiveCfg = Release|x64
		{46B50608-C455-40DE-A9BE-E40FD1F737D8}.Release|x64.Build.0 = Release|x64
		{46B50608-C455-40DE-A9BE-E40FD1F737D8}.Release|x86.ActiveCfg = Release|Win32
		{46B50608-C455-40DE-A9BE-E40FD1F737D8}.Release|x86.Build.0 = Release|Win32
		{0839962F-070A-4311-A1AB-F974AFF52640}.Debug|x64.ActiveCfg = Debug|x64
		{0839962F-070A-4311-A1AB-F974AFF52640}.Debug|x64.Build.0 = Debug|x64
		{0839962F-070A-4311-A1AB-F974AFF52640}.Debug|x86.ActiveCfg = Debug|Win32
		{0839962F-070A-4311-A1AB-F974AFF52640}.Debug|x86.Build.0 = Debug|Win32
		{0839962F-070A-4311-A1AB-F974AFF52640}.Release|x64.ActiveCfg = Release|x64
		{0839962F-070A-4311-A1AB-F974AFF52640}.Release|x64.Build.0 = Release|x64
		{0839962F-070A-4311-A1AB-F974AFF52640}.Release|x86.ActiveCfg = Release|Win32
		{0839962F-070A-4311-A1AB-F974AFF52640}.Release|x86.Build.0 = Release|Win32
		{CFC1C238-87F7-4058-A669-37CCC621ED5A}.Debug|x64.ActiveCfg = Debug|x64
		{CFC1C238-87F7-4058-A669-37CCC621ED5A}.Debug|x64.Build.0 = Debug|x64
		{CFC1C238-87F7-4058-A669-37CCC621ED5A}.Debug|x86.ActiveCfg = Debug|Win32
		{CFC1C238-87F7-4058-A669-37CCC621ED5A}.Debug|x86.Build.0 = Debug|Win32
		{CFC1C238-87F7-4058-A669-37CCC621ED5A}.Release|x64.ActiveCfg = Release|x64
		{CFC1C238-87F7-4058-A669-37CCC621ED5A}.Release|x64.Build.0 = Release|x64
		{CFC1C238-87F7-4058-A669-37CCC621ED5A}.Release|x86.ActiveCfg = Release|Win32
		{CFC1C238-87F7-4058-A669-37CCC621ED5A}.Release|x86.Build.0 = Release|Win32
		{65FE4FEA-A0B7-4925-A063-BB4E53BC018C}.Debug|x64.ActiveCfg = Debug|x64
		{65FE4FEA-A0B7-4925-A063-BB4E53BC018C}.Debug|x64.Build.0 = Debug|x64
		{65FE4FEA-A0B7-4925-A063-BB4E53BC018C}.Debug|x86.ActiveCfg = Debug|Win32
		{65FE4FEA-A0B7-4925-A063-BB4E53BC018C}.Debug|x86.Build.0 = Debug|Win32
		{65FE4FEA-A0B7-4925-A063-BB4E53BC018C}.Release|x64.ActiveCfg = Release|x64
		{65FE4FEA-A0B7-4925-A063-BB4E53BC018C}.Release|x64.Build.0 = Release|x64
		{65FE4FEA-A0B7-4925-A063-BB4E53BC018C}.Release|x86.ActiveCfg = Release|Win32
		{65FE4FEA-A0B7-4925-A063-BB4E53BC018C}.Release|x86.Build.0 = Release|Win32
		{4C897914-6A96-4DBC-87F9-DFD02EDCEEA4}.Debug|x64.ActiveCfg = Debug|x64
		{4C897914-6A96-4DBC-87F9-DFD02EDCEEA4}.Debug|x64.Build.0 = Debug|x64
		{4C897914-6A96-4DBC-87F9-DFD02EDCEEA4}.Debug|x86.ActiveCfg = Debug|Win32
		{4C897914-6A96-4DBC-87F9-DFD02EDCEEA4}.Debug|x86.Build.0 = Debug|Win32
		{4C897914-6A96-4DBC-87F9-DFD02EDCEEA4}.Release|x64.ActiveCfg = Release|x64
		{4C897914-6A96-4DBC-87F9-DFD02EDCEEA4}.Release|x64.Build.0 = Release|x64
		{4C897914-6A96-4DBC-87F9-DFD02EDCEEA4}.Release|x86.ActiveCfg = Release|Win32
		{4C897914-6A96-4DBC-87F9-DFD02EDCEEA4}.Release|x86.Build.0 = Release|Win32
		{E71C76E0-9493-4045-B158-1358819A5A72}.Debug|x64.ActiveCfg = Debug|x64
		{E71C76E0-9493-4045-B158-1358819A5A72}.Debug|x64.Build.0 = Debug|x64
		{E71C76E0-9493-4045-B158-1358819A5A72}.Debug|x86.ActiveCfg = Debug|Win32
		{E71C76E0-9493-4045-B158-1358819A5A72}.Debug|x86.Build.0 = Debug|Win32
		{E71C76E0-9493-4045-B158-1358819A5A72}.Release|x64.ActiveCfg = Release|x64
		{E71C76E0-9493-4045-B158-1358819A5A72}.Release|x64.Build.0 = Release|x64
		{E71C76E0-9493-4045-B158-1358819A5A72}.Release|x86.ActiveCfg = Release|Win32
		{E71C76E0-9493-4045-B158-1358819A5A72}.Release|x86.Build.0 = Release|Win32
		{1BDA1CC3-DBD3-43F5-B07B-D47CF74F58B0}.Debug|x64.ActiveCfg = Debug|x64
		{1BDA1CC3-DBD3-43F5-B07B-D47CF74F58B0}.Debug|x64.Build.0 = Debug|x64
		{1BDA1CC3-DBD3-43F5-B07B-D47CF74F58B0}.Debug|x86.ActiveCfg = Debug|Win32
		{1BDA1CC3-DBD3-43F5-B07B-D47CF74F58B0}.Debug|x86.Build.0 = Debug|Win32
		{1BDA1CC3-DBD3-43F5-B07B-D47CF74F58B0}.Release|x64.ActiveCfg = Release|x64
		{1BDA1CC3-DBD3-43F5-B07B-D47CF74F58B0}.Release|x64.Build.0 = Release|x64
		{1BDA1CC3-DBD3-43F5-B07B-D47CF74F58B0}.Release|x86.ActiveCfg = Release|Win32
		{1BDA1CC3-DBD3-43F5-B07B-D47CF74F58B0}.Release|x86.Build.0 = Release|Win32
		{BF596554-996B-4BD5-BE96-4F660CE18E28}.Debug|x64.ActiveCfg = Debug|x64
		{BF596554-996B-4BD5-BE96-4F660CE18E28}.Debug|x64.Build.0 = Debug|x64
		{BF596554-996B-4BD5-BE96-4F660CE18E28}.Debug|x86.ActiveCfg = Debug|Win32
		{BF596554-996B-4BD5-BE96-4F660CE18E28}.Debug|x86.Build.0 = Debug|Win32
		{BF596554-996B-4BD5-BE96-4F660CE18E28}.Release|x64.ActiveCfg = Release|x64
		{BF596554-996B-4BD5-BE96-4F660CE18E28}.Release|x64.Build.0 = Release|x64
		{BF596554-996B-4BD5-BE96-4F660CE18E28}.Release|x86.ActiveCfg = Release|Win32
		{BF596554-996B-4BD5-BE96-4F660CE18E28}.Release|x86.Build.0 = Release|Win32
		{ADD86A80-7815-4273-A559-A87645F215B6}.Debug|x64.ActiveCfg = Debug|x64
		{ADD86A80-7815-4273-A559-A87645F215B6}.Debug|x64.Build.0 = Debug|x64
		{ADD86A80-7815-4273-A559-A87645F215B6}.Debug|x86.ActiveCfg = Debug|Win32
		{ADD86A80-7815-4273-A559-A87645F215B6}.Debug|x86.Build.0 = Debug|Win32
		{ADD86A80-7815-4273-A559-A87645F215B6}.Release|x64.ActiveCfg = Release|x64
		{ADD86A80-7815-4273-A559-A87645F215B6}.Release|x64.Build.0 = Release|x64
		{ADD86A80-7815-4273-A559-A87645F215B6}.Release|x86.ActiveCfg = Release|Win32
		{ADD86A80-7815-4273-A559-A87645F215B6}.Release|x86.Build.0 = Release|Win32
		{39F0961D-A696-4089-B51B-B97E0344AD86}.Debug|x64.ActiveCfg = Debug|x64
		{39F0961D-A696-4089-B51B-B97E0344AD86}.Debug|x64.Build.0 = Debug|x64
		{39F0961D-A696-4089-B51B-B97E0344AD86}.Debug|x86.ActiveCfg = Debug|Win32
		{39F0961D-A696-4089-B51B-B97E0344AD86}.Debug|x86.Build.0 = Debug|Win32
		{39F0961D-A696-4089-B51B-B97E0344AD86}.Release|x64.ActiveCfg = Release|x64
		{39F0961D-A696-4089-B51B-B97E0344AD86}.Release|x64.Build.0 = Release|x64
		{39F0961D-A696-4089-B51B-B97E0344AD86}.Release|x86.ActiveCfg = Release|Win32
		{39F0961D-A696-4089-B51B-B97E0344AD86}.Release|x86.Build.0 = Release|Win32
		{BA8BD374-41EF-438A-A487-6C34024AF705}.Debug|x64.ActiveCfg = Debug|x64
		{BA8BD374-41EF-438A-A487-6C34024AF705}.Debug|x64.Build.0 = Debug|x64
		{BA8BD374-41EF-438A-A487-6C34024AF705}.Debug|x86.ActiveCfg = Debug|Win32
		{BA8BD374-41EF-438A-A487-6C34024AF705}.Debug|x86.Build.0 = Debug|Win32
		{BA8BD374-41EF-438A-A487-6C34024AF705}.Release|x64.ActiveCfg = Release|x64
		{BA8BD374-41EF-438A-A487-6C34024AF705}.Release|x64.Build.0 = Release|x64
		{BA8BD374-41EF-438A-A487-6C34024AF705}.Release|x86.ActiveCfg = Release|Win32
		{BA8BD374-41EF-438A-A487-6C34024AF705}.Release|x86.Build.0 = Release|Win32
		{68C4590B-D8B6-4CCB-84FB-9356B1B7ADB7}.Debug|x64.ActiveCfg = Debug|x64
		{68C4590B-D8B6-4CCB-84FB-9356B1B7ADB7}.Debug|x64.Build.0 = Debug|x64
		{68C4590B-D8B6-4CCB-84FB-9356B1B7ADB7}.Debug|x86.ActiveCfg = Debug|Win32
		{68C4590B-D8B6-4CCB-84FB-9356B1B7ADB7}.Debug|x86.Build.0 = Debug|Win32
		{68C4590B-D8B6-4CCB-84FB-9356B1B7ADB7}.Release|x64.ActiveCfg = Release|x64
		{68C4590B-D8B6-4CCB-84FB-9356B1B7ADB7}.Release|x64.Build.0 = Release|x64
		{68C4590B-D8B6-4CCB-84FB-9356B1B7ADB7}.Release|x86.ActiveCfg = Release|Win32
		{68C4590B-D8B6-4CCB-84FB-9356B1B7ADB7}.Release|x86.Build.0 = Release|Win32
	EndGlobalSection
	GlobalSection(SolutionProperties) = preSolution
		HideSolutionNode = FALSE
	EndGlobalSection
	GlobalSection(ExtensibilityGlobals) = postSolution
		SolutionGuid = {9A66AF38-EF1E-429D-AE7E-610D12C624D4}
	EndGlobalSection
EndGlobal
