
Microsoft Visual Studio Solution File, Format Version 12.00
# Visual Studio 15
VisualStudioVersion = 15.0.28307.1062
MinimumVisualStudioVersion = 10.0.40219.1
Project("{8BC9CEB8-8B4A-11D0-8D11-00A0C91BC942}") = "Question01", "Question01\Question01.vcxproj", "{3830A0D2-9131-49D9-9023-633359FACD29}"
EndProject
Project("{8BC9CEB8-8B4A-11D0-8D11-00A0C91BC942}") = "Question02", "Question02\Question02.vcxproj", "{711C8250-17D9-4E84-BBBC-883D80472AA6}"
EndProject
Project("{8BC9CEB8-8B4A-11D0-8D11-00A0C91BC942}") = "Question03", "Question03\Question03.vcxproj", "{5CC293E7-2533-4F19-88C4-2EB54BDA801B}"
EndProject
Project("{8BC9CEB8-8B4A-11D0-8D11-00A0C91BC942}") = "Question04", "Question04\Question04.vcxproj", "{D46CB05D-7D3B-4DBE-ABE2-5F2BC5BF51EE}"
EndProject
Project("{8BC9CEB8-8B4A-11D0-8D11-00A0C91BC942}") = "Question05", "Question05\Question05.vcxproj", "{4728A02F-4CDA-4308-914D-32F15C8CE0A7}"
EndProject
Project("{8BC9CEB8-8B4A-11D0-8D11-00A0C91BC942}") = "Question05_A", "Question05_A\Question05_A.vcxproj", "{7A02E05B-5B17-4CD3-890A-D203EDD7AC4C}"
EndProject
Project("{8BC9CEB8-8B4A-11D0-8D11-00A0C91BC942}") = "Question05_R", "Question05_R\Question05_R.vcxproj", "{F12AF953-7D25-4B7A-9058-2A8E94D47FB5}"
EndProject
Project("{8BC9CEB8-8B4A-11D0-8D11-00A0C91BC942}") = "Question06", "Question06\Question06.vcxproj", "{C0510578-5091-4D35-A06D-2BAE8867679E}"
EndProject
Project("{8BC9CEB8-8B4A-11D0-8D11-00A0C91BC942}") = "Question06_A", "Question06_A\Question06_A.vcxproj", "{65C7E7EF-A7D0-4BB0-BB19-D47EF6D2164C}"
EndProject
Project("{8BC9CEB8-8B4A-11D0-8D11-00A0C91BC942}") = "Question07", "Question07\Question07.vcxproj", "{EAB62B1E-8F6B-46B9-9F25-DC9377B91CA2}"
EndProject
Project("{8BC9CEB8-8B4A-11D0-8D11-00A0C91BC942}") = "Question08", "Question08\Question08.vcxproj", "{048AE9AC-CFA8-431B-9BF7-21C37ABE96D5}"
EndProject
Project("{8BC9CEB8-8B4A-11D0-8D11-00A0C91BC942}") = "Question09", "Question09\Question09.vcxproj", "{E4F0ABFF-34B0-4410-AB37-3300CACB8503}"
EndProject
Project("{8BC9CEB8-8B4A-11D0-8D11-00A0C91BC942}") = "Question09_A", "Question09_A\Question09_A.vcxproj", "{16EA2BE0-D086-4AF8-ABA5-F4A7DACA07F1}"
EndProject
Project("{8BC9CEB8-8B4A-11D0-8D11-00A0C91BC942}") = "Question10", "Question10\Question10.vcxproj", "{6603DD7A-005A-4F7D-A097-8CCD9D8DFDFF}"
EndProject
Project("{8BC9CEB8-8B4A-11D0-8D11-00A0C91BC942}") = "Question10_A", "Question10_A\Question10_A.vcxproj", "{AAD03C05-E4E9-4C67-8918-6F2081D6B46F}"
EndProject
Project("{8BC9CEB8-8B4A-11D0-8D11-00A0C91BC942}") = "Question11", "Question11\Question11.vcxproj", "{1B2BC1AD-D568-4B51-A82C-E67C40A2D86B}"
EndProject
Global
	GlobalSection(SolutionConfigurationPlatforms) = preSolution
		Debug|x64 = Debug|x64
		Debug|x86 = Debug|x86
		Release|x64 = Release|x64
		Release|x86 = Release|x86
	EndGlobalSection
	GlobalSection(ProjectConfigurationPlatforms) = postSolution
		{3830A0D2-9131-49D9-9023-633359FACD29}.Debug|x64.ActiveCfg = Debug|x64
		{3830A0D2-9131-49D9-9023-633359FACD29}.Debug|x64.Build.0 = Debug|x64
		{3830A0D2-9131-49D9-9023-633359FACD29}.Debug|x86.ActiveCfg = Debug|Win32
		{3830A0D2-9131-49D9-9023-633359FACD29}.Debug|x86.Build.0 = Debug|Win32
		{3830A0D2-9131-49D9-9023-633359FACD29}.Release|x64.ActiveCfg = Release|x64
		{3830A0D2-9131-49D9-9023-633359FACD29}.Release|x64.Build.0 = Release|x64
		{3830A0D2-9131-49D9-9023-633359FACD29}.Release|x86.ActiveCfg = Release|Win32
		{3830A0D2-9131-49D9-9023-633359FACD29}.Release|x86.Build.0 = Release|Win32
		{711C8250-17D9-4E84-BBBC-883D80472AA6}.Debug|x64.ActiveCfg = Debug|x64
		{711C8250-17D9-4E84-BBBC-883D80472AA6}.Debug|x64.Build.0 = Debug|x64
		{711C8250-17D9-4E84-BBBC-883D80472AA6}.Debug|x86.ActiveCfg = Debug|Win32
		{711C8250-17D9-4E84-BBBC-883D80472AA6}.Debug|x86.Build.0 = Debug|Win32
		{711C8250-17D9-4E84-BBBC-883D80472AA6}.Release|x64.ActiveCfg = Release|x64
		{711C8250-17D9-4E84-BBBC-883D80472AA6}.Release|x64.Build.0 = Release|x64
		{711C8250-17D9-4E84-BBBC-883D80472AA6}.Release|x86.ActiveCfg = Release|Win32
		{711C8250-17D9-4E84-BBBC-883D80472AA6}.Release|x86.Build.0 = Release|Win32
		{5CC293E7-2533-4F19-88C4-2EB54BDA801B}.Debug|x64.ActiveCfg = Debug|x64
		{5CC293E7-2533-4F19-88C4-2EB54BDA801B}.Debug|x64.Build.0 = Debug|x64
		{5CC293E7-2533-4F19-88C4-2EB54BDA801B}.Debug|x86.ActiveCfg = Debug|Win32
		{5CC293E7-2533-4F19-88C4-2EB54BDA801B}.Debug|x86.Build.0 = Debug|Win32
		{5CC293E7-2533-4F19-88C4-2EB54BDA801B}.Release|x64.ActiveCfg = Release|x64
		{5CC293E7-2533-4F19-88C4-2EB54BDA801B}.Release|x64.Build.0 = Release|x64
		{5CC293E7-2533-4F19-88C4-2EB54BDA801B}.Release|x86.ActiveCfg = Release|Win32
		{5CC293E7-2533-4F19-88C4-2EB54BDA801B}.Release|x86.Build.0 = Release|Win32
		{D46CB05D-7D3B-4DBE-ABE2-5F2BC5BF51EE}.Debug|x64.ActiveCfg = Debug|x64
		{D46CB05D-7D3B-4DBE-ABE2-5F2BC5BF51EE}.Debug|x64.Build.0 = Debug|x64
		{D46CB05D-7D3B-4DBE-ABE2-5F2BC5BF51EE}.Debug|x86.ActiveCfg = Debug|Win32
		{D46CB05D-7D3B-4DBE-ABE2-5F2BC5BF51EE}.Debug|x86.Build.0 = Debug|Win32
		{D46CB05D-7D3B-4DBE-ABE2-5F2BC5BF51EE}.Release|x64.ActiveCfg = Release|x64
		{D46CB05D-7D3B-4DBE-ABE2-5F2BC5BF51EE}.Release|x64.Build.0 = Release|x64
		{D46CB05D-7D3B-4DBE-ABE2-5F2BC5BF51EE}.Release|x86.ActiveCfg = Release|Win32
		{D46CB05D-7D3B-4DBE-ABE2-5F2BC5BF51EE}.Release|x86.Build.0 = Release|Win32
		{4728A02F-4CDA-4308-914D-32F15C8CE0A7}.Debug|x64.ActiveCfg = Debug|x64
		{4728A02F-4CDA-4308-914D-32F15C8CE0A7}.Debug|x64.Build.0 = Debug|x64
		{4728A02F-4CDA-4308-914D-32F15C8CE0A7}.Debug|x86.ActiveCfg = Debug|Win32
		{4728A02F-4CDA-4308-914D-32F15C8CE0A7}.Debug|x86.Build.0 = Debug|Win32
		{4728A02F-4CDA-4308-914D-32F15C8CE0A7}.Release|x64.ActiveCfg = Release|x64
		{4728A02F-4CDA-4308-914D-32F15C8CE0A7}.Release|x64.Build.0 = Release|x64
		{4728A02F-4CDA-4308-914D-32F15C8CE0A7}.Release|x86.ActiveCfg = Release|Win32
		{4728A02F-4CDA-4308-914D-32F15C8CE0A7}.Release|x86.Build.0 = Release|Win32
		{7A02E05B-5B17-4CD3-890A-D203EDD7AC4C}.Debug|x64.ActiveCfg = Debug|x64
		{7A02E05B-5B17-4CD3-890A-D203EDD7AC4C}.Debug|x64.Build.0 = Debug|x64
		{7A02E05B-5B17-4CD3-890A-D203EDD7AC4C}.Debug|x86.ActiveCfg = Debug|Win32
		{7A02E05B-5B17-4CD3-890A-D203EDD7AC4C}.Debug|x86.Build.0 = Debug|Win32
		{7A02E05B-5B17-4CD3-890A-D203EDD7AC4C}.Release|x64.ActiveCfg = Release|x64
		{7A02E05B-5B17-4CD3-890A-D203EDD7AC4C}.Release|x64.Build.0 = Release|x64
		{7A02E05B-5B17-4CD3-890A-D203EDD7AC4C}.Release|x86.ActiveCfg = Release|Win32
		{7A02E05B-5B17-4CD3-890A-D203EDD7AC4C}.Release|x86.Build.0 = Release|Win32
		{F12AF953-7D25-4B7A-9058-2A8E94D47FB5}.Debug|x64.ActiveCfg = Debug|x64
		{F12AF953-7D25-4B7A-9058-2A8E94D47FB5}.Debug|x64.Build.0 = Debug|x64
		{F12AF953-7D25-4B7A-9058-2A8E94D47FB5}.Debug|x86.ActiveCfg = Debug|Win32
		{F12AF953-7D25-4B7A-9058-2A8E94D47FB5}.Debug|x86.Build.0 = Debug|Win32
		{F12AF953-7D25-4B7A-9058-2A8E94D47FB5}.Release|x64.ActiveCfg = Release|x64
		{F12AF953-7D25-4B7A-9058-2A8E94D47FB5}.Release|x64.Build.0 = Release|x64
		{F12AF953-7D25-4B7A-9058-2A8E94D47FB5}.Release|x86.ActiveCfg = Release|Win32
		{F12AF953-7D25-4B7A-9058-2A8E94D47FB5}.Release|x86.Build.0 = Release|Win32
		{C0510578-5091-4D35-A06D-2BAE8867679E}.Debug|x64.ActiveCfg = Debug|x64
		{C0510578-5091-4D35-A06D-2BAE8867679E}.Debug|x64.Build.0 = Debug|x64
		{C0510578-5091-4D35-A06D-2BAE8867679E}.Debug|x86.ActiveCfg = Debug|Win32
		{C0510578-5091-4D35-A06D-2BAE8867679E}.Debug|x86.Build.0 = Debug|Win32
		{C0510578-5091-4D35-A06D-2BAE8867679E}.Release|x64.ActiveCfg = Release|x64
		{C0510578-5091-4D35-A06D-2BAE8867679E}.Release|x64.Build.0 = Release|x64
		{C0510578-5091-4D35-A06D-2BAE8867679E}.Release|x86.ActiveCfg = Release|Win32
		{C0510578-5091-4D35-A06D-2BAE8867679E}.Release|x86.Build.0 = Release|Win32
		{65C7E7EF-A7D0-4BB0-BB19-D47EF6D2164C}.Debug|x64.ActiveCfg = Debug|x64
		{65C7E7EF-A7D0-4BB0-BB19-D47EF6D2164C}.Debug|x64.Build.0 = Debug|x64
		{65C7E7EF-A7D0-4BB0-BB19-D47EF6D2164C}.Debug|x86.ActiveCfg = Debug|Win32
		{65C7E7EF-A7D0-4BB0-BB19-D47EF6D2164C}.Debug|x86.Build.0 = Debug|Win32
		{65C7E7EF-A7D0-4BB0-BB19-D47EF6D2164C}.Release|x64.ActiveCfg = Release|x64
		{65C7E7EF-A7D0-4BB0-BB19-D47EF6D2164C}.Release|x64.Build.0 = Release|x64
		{65C7E7EF-A7D0-4BB0-BB19-D47EF6D2164C}.Release|x86.ActiveCfg = Release|Win32
		{65C7E7EF-A7D0-4BB0-BB19-D47EF6D2164C}.Release|x86.Build.0 = Release|Win32
		{EAB62B1E-8F6B-46B9-9F25-DC9377B91CA2}.Debug|x64.ActiveCfg = Debug|x64
		{EAB62B1E-8F6B-46B9-9F25-DC9377B91CA2}.Debug|x64.Build.0 = Debug|x64
		{EAB62B1E-8F6B-46B9-9F25-DC9377B91CA2}.Debug|x86.ActiveCfg = Debug|Win32
		{EAB62B1E-8F6B-46B9-9F25-DC9377B91CA2}.Debug|x86.Build.0 = Debug|Win32
		{EAB62B1E-8F6B-46B9-9F25-DC9377B91CA2}.Release|x64.ActiveCfg = Release|x64
		{EAB62B1E-8F6B-46B9-9F25-DC9377B91CA2}.Release|x64.Build.0 = Release|x64
		{EAB62B1E-8F6B-46B9-9F25-DC9377B91CA2}.Release|x86.ActiveCfg = Release|Win32
		{EAB62B1E-8F6B-46B9-9F25-DC9377B91CA2}.Release|x86.Build.0 = Release|Win32
		{048AE9AC-CFA8-431B-9BF7-21C37ABE96D5}.Debug|x64.ActiveCfg = Debug|x64
		{048AE9AC-CFA8-431B-9BF7-21C37ABE96D5}.Debug|x64.Build.0 = Debug|x64
		{048AE9AC-CFA8-431B-9BF7-21C37ABE96D5}.Debug|x86.ActiveCfg = Debug|Win32
		{048AE9AC-CFA8-431B-9BF7-21C37ABE96D5}.Debug|x86.Build.0 = Debug|Win32
		{048AE9AC-CFA8-431B-9BF7-21C37ABE96D5}.Release|x64.ActiveCfg = Release|x64
		{048AE9AC-CFA8-431B-9BF7-21C37ABE96D5}.Release|x64.Build.0 = Release|x64
		{048AE9AC-CFA8-431B-9BF7-21C37ABE96D5}.Release|x86.ActiveCfg = Release|Win32
		{048AE9AC-CFA8-431B-9BF7-21C37ABE96D5}.Release|x86.Build.0 = Release|Win32
		{E4F0ABFF-34B0-4410-AB37-3300CACB8503}.Debug|x64.ActiveCfg = Debug|x64
		{E4F0ABFF-34B0-4410-AB37-3300CACB8503}.Debug|x64.Build.0 = Debug|x64
		{E4F0ABFF-34B0-4410-AB37-3300CACB8503}.Debug|x86.ActiveCfg = Debug|Win32
		{E4F0ABFF-34B0-4410-AB37-3300CACB8503}.Debug|x86.Build.0 = Debug|Win32
		{E4F0ABFF-34B0-4410-AB37-3300CACB8503}.Release|x64.ActiveCfg = Release|x64
		{E4F0ABFF-34B0-4410-AB37-3300CACB8503}.Release|x64.Build.0 = Release|x64
		{E4F0ABFF-34B0-4410-AB37-3300CACB8503}.Release|x86.ActiveCfg = Release|Win32
		{E4F0ABFF-34B0-4410-AB37-3300CACB8503}.Release|x86.Build.0 = Release|Win32
		{16EA2BE0-D086-4AF8-ABA5-F4A7DACA07F1}.Debug|x64.ActiveCfg = Debug|x64
		{16EA2BE0-D086-4AF8-ABA5-F4A7DACA07F1}.Debug|x64.Build.0 = Debug|x64
		{16EA2BE0-D086-4AF8-ABA5-F4A7DACA07F1}.Debug|x86.ActiveCfg = Debug|Win32
		{16EA2BE0-D086-4AF8-ABA5-F4A7DACA07F1}.Debug|x86.Build.0 = Debug|Win32
		{16EA2BE0-D086-4AF8-ABA5-F4A7DACA07F1}.Release|x64.ActiveCfg = Release|x64
		{16EA2BE0-D086-4AF8-ABA5-F4A7DACA07F1}.Release|x64.Build.0 = Release|x64
		{16EA2BE0-D086-4AF8-ABA5-F4A7DACA07F1}.Release|x86.ActiveCfg = Release|Win32
		{16EA2BE0-D086-4AF8-ABA5-F4A7DACA07F1}.Release|x86.Build.0 = Release|Win32
		{6603DD7A-005A-4F7D-A097-8CCD9D8DFDFF}.Debug|x64.ActiveCfg = Debug|x64
		{6603DD7A-005A-4F7D-A097-8CCD9D8DFDFF}.Debug|x64.Build.0 = Debug|x64
		{6603DD7A-005A-4F7D-A097-8CCD9D8DFDFF}.Debug|x86.ActiveCfg = Debug|Win32
		{6603DD7A-005A-4F7D-A097-8CCD9D8DFDFF}.Debug|x86.Build.0 = Debug|Win32
		{6603DD7A-005A-4F7D-A097-8CCD9D8DFDFF}.Release|x64.ActiveCfg = Release|x64
		{6603DD7A-005A-4F7D-A097-8CCD9D8DFDFF}.Release|x64.Build.0 = Release|x64
		{6603DD7A-005A-4F7D-A097-8CCD9D8DFDFF}.Release|x86.ActiveCfg = Release|Win32
		{6603DD7A-005A-4F7D-A097-8CCD9D8DFDFF}.Release|x86.Build.0 = Release|Win32
		{AAD03C05-E4E9-4C67-8918-6F2081D6B46F}.Debug|x64.ActiveCfg = Debug|x64
		{AAD03C05-E4E9-4C67-8918-6F2081D6B46F}.Debug|x64.Build.0 = Debug|x64
		{AAD03C05-E4E9-4C67-8918-6F2081D6B46F}.Debug|x86.ActiveCfg = Debug|Win32
		{AAD03C05-E4E9-4C67-8918-6F2081D6B46F}.Debug|x86.Build.0 = Debug|Win32
		{AAD03C05-E4E9-4C67-8918-6F2081D6B46F}.Release|x64.ActiveCfg = Release|x64
		{AAD03C05-E4E9-4C67-8918-6F2081D6B46F}.Release|x64.Build.0 = Release|x64
		{AAD03C05-E4E9-4C67-8918-6F2081D6B46F}.Release|x86.ActiveCfg = Release|Win32
		{AAD03C05-E4E9-4C67-8918-6F2081D6B46F}.Release|x86.Build.0 = Release|Win32
		{1B2BC1AD-D568-4B51-A82C-E67C40A2D86B}.Debug|x64.ActiveCfg = Debug|x64
		{1B2BC1AD-D568-4B51-A82C-E67C40A2D86B}.Debug|x64.Build.0 = Debug|x64
		{1B2BC1AD-D568-4B51-A82C-E67C40A2D86B}.Debug|x86.ActiveCfg = Debug|Win32
		{1B2BC1AD-D568-4B51-A82C-E67C40A2D86B}.Debug|x86.Build.0 = Debug|Win32
		{1B2BC1AD-D568-4B51-A82C-E67C40A2D86B}.Release|x64.ActiveCfg = Release|x64
		{1B2BC1AD-D568-4B51-A82C-E67C40A2D86B}.Release|x64.Build.0 = Release|x64
		{1B2BC1AD-D568-4B51-A82C-E67C40A2D86B}.Release|x86.ActiveCfg = Release|Win32
		{1B2BC1AD-D568-4B51-A82C-E67C40A2D86B}.Release|x86.Build.0 = Release|Win32
	EndGlobalSection
	GlobalSection(SolutionProperties) = preSolution
		HideSolutionNode = FALSE
	EndGlobalSection
	GlobalSection(ExtensibilityGlobals) = postSolution
		SolutionGuid = {9A66AF38-EF1E-429D-AE7E-610D12C624D4}
	EndGlobalSection
EndGlobal
